github.com/lspaccatrosi16/go-cli-tools v0.1.5 h1:q7YrHEvJ+rK9csfOTQK4DZapg2fOJhuIS9oRtscwTvQ=
github.com/lspaccatrosi16/go-cli-tools v0.1.5/go.mod h1:iyhfknfKS9U80OXFUiPjJCBj7YK086ZgoLJqZoN5AaE=
github.com/lspaccatrosi16/go-cli-tools v0.4.0 h1:yYGyE3plR5hNRH+WSBQxQFDs6DeOX+/z61f9V8dDG0c=
github.com/lspaccatrosi16/go-cli-tools v0.4.0/go.mod h1:ppOT+F1t4THNKFcvLjED6tVHPZ2Opq4+yZv6aukjR98=
github.com/lspaccatrosi16/go-cli-tools v0.4.1 h1:wu/mHInxsNPtyTAEtCWv2RAByHCsyLj2x3G6Sgjy6Cw=
github.com/lspaccatrosi16/go-cli-tools v0.4.1/go.mod h1:ppOT+F1t4THNKFcvLjED6tVHPZ2Opq4+yZv6aukjR98=
github.com/lspaccatrosi16/go-cli-tools v0.4.2 h1:GRb7gaFLcd8OcF14A+2/FGYny0KvUptcotMPrBViLx0=
github.com/lspaccatrosi16/go-cli-tools v0.4.2/go.mod h1:ppOT+F1t4THNKFcvLjED6tVHPZ2Opq4+yZv6aukjR98=
