github.com/lspaccatrosi16/go-libs v0.0.3 h1:WNhpJNiYnW+ATlUqvKIvzgf9WJntoJNrVY3Icc/GhBk=
github.com/lspaccatrosi16/go-libs v0.0.3/go.mod h1:lrZCTsA+8TBww9p1VkdwtgDs36wCoS4hW8Ybx2iCKEY=
github.com/lspaccatrosi16/go-libs v0.0.4 h1:5zHD3uEMv38WuY3OiU7QdcEUv7B6T+5mz3+pyXcTBP0=
github.com/lspaccatrosi16/go-libs v0.0.4/go.mod h1:lrZCTsA+8TBww9p1VkdwtgDs36wCoS4hW8Ybx2iCKEY=
github.com/lspaccatrosi16/go-libs v0.1.0 h1:mg2dyibfHUU8o7H3KHlYM6DRrlWXqqkAHGkPAqXL3ZI=
github.com/lspaccatrosi16/go-libs v0.1.0/go.mod h1:lrZCTsA+8TBww9p1VkdwtgDs36wCoS4hW8Ybx2iCKEY=
